
Microsoft Visual Studio Solution File, Format Version 10.00
# Visual Studio 2008
Project("{8BC9CEB8-8B4A-11D0-8D11-00A0C91BC942}") = "mgspw", "mgspw\mgspw.vcproj", "{B74377B4-97F5-4F32-A821-156BFB270EB3}"
EndProject
Global
	GlobalSection(SolutionConfigurationPlatforms) = preSolution
		Debug|Win32 = Debug|Win32
		Release|Win32 = Release|Win32
	EndGlobalSection
	GlobalSection(ProjectConfigurationPlatforms) = postSolution
		{B74377B4-97F5-4F32-A821-156BFB270EB3}.Debug|Win32.ActiveCfg = Debug|Win32
		{B74377B4-97F5-4F32-A821-156BFB270EB3}.Debug|Win32.Build.0 = Debug|Win32
		{B74377B4-97F5-4F32-A821-156BFB270EB3}.Release|Win32.ActiveCfg = Release|Win32
		{B74377B4-97F5-4F32-A821-156BFB270EB3}.Release|Win32.Build.0 = Release|Win32
	EndGlobalSection
	GlobalSection(SolutionProperties) = preSolution
		HideSolutionNode = FALSE
	EndGlobalSection
EndGlobal
