
Microsoft Visual Studio Solution File, Format Version 10.00
# Visual Studio 2008
Project("{FAE04EC0-301F-11D3-BF4B-00C04F79EFBC}") = "BLJM61076", "BLJM61076\BLJM61076.csproj", "{0849263B-F8EF-417A-ACB0-9017259341FE}"
EndProject
Project("{FAE04EC0-301F-11D3-BF4B-00C04F79EFBC}") = "khfontgen", "khfontgen\khfontgen.csproj", "{953E84CB-4BFA-4542-9167-549335E019E2}"
EndProject
Global
	GlobalSection(SolutionConfigurationPlatforms) = preSolution
		Debug|Any CPU = Debug|Any CPU
		Release|Any CPU = Release|Any CPU
	EndGlobalSection
	GlobalSection(ProjectConfigurationPlatforms) = postSolution
		{0849263B-F8EF-417A-ACB0-9017259341FE}.Debug|Any CPU.ActiveCfg = Debug|Any CPU
		{0849263B-F8EF-417A-ACB0-9017259341FE}.Debug|Any CPU.Build.0 = Debug|Any CPU
		{0849263B-F8EF-417A-ACB0-9017259341FE}.Release|Any CPU.ActiveCfg = Release|Any CPU
		{0849263B-F8EF-417A-ACB0-9017259341FE}.Release|Any CPU.Build.0 = Release|Any CPU
		{953E84CB-4BFA-4542-9167-549335E019E2}.Debug|Any CPU.ActiveCfg = Debug|Any CPU
		{953E84CB-4BFA-4542-9167-549335E019E2}.Debug|Any CPU.Build.0 = Debug|Any CPU
		{953E84CB-4BFA-4542-9167-549335E019E2}.Release|Any CPU.ActiveCfg = Release|Any CPU
		{953E84CB-4BFA-4542-9167-549335E019E2}.Release|Any CPU.Build.0 = Release|Any CPU
	EndGlobalSection
	GlobalSection(SolutionProperties) = preSolution
		HideSolutionNode = FALSE
	EndGlobalSection
EndGlobal
