
Microsoft Visual Studio Solution File, Format Version 10.00
# Visual Studio 2008
Project("{FAE04EC0-301F-11D3-BF4B-00C04F79EFBC}") = "SDBJPN", "SDBJPY\SDBJPN.csproj", "{876288F0-C6A9-452F-BB12-F88C47D63991}"
EndProject
Global
	GlobalSection(SolutionConfigurationPlatforms) = preSolution
		Debug|Any CPU = Debug|Any CPU
		Release|Any CPU = Release|Any CPU
	EndGlobalSection
	GlobalSection(ProjectConfigurationPlatforms) = postSolution
		{876288F0-C6A9-452F-BB12-F88C47D63991}.Debug|Any CPU.ActiveCfg = Debug|Any CPU
		{876288F0-C6A9-452F-BB12-F88C47D63991}.Debug|Any CPU.Build.0 = Debug|Any CPU
		{876288F0-C6A9-452F-BB12-F88C47D63991}.Release|Any CPU.ActiveCfg = Release|Any CPU
		{876288F0-C6A9-452F-BB12-F88C47D63991}.Release|Any CPU.Build.0 = Release|Any CPU
	EndGlobalSection
	GlobalSection(SolutionProperties) = preSolution
		HideSolutionNode = FALSE
	EndGlobalSection
EndGlobal
